{
  "version": "4",
  "specifiers": {
    "jsr:@bossley9/sjsx@~0.12.5": "0.12.5"
  },
  "jsr": {
    "@bossley9/sjsx@0.12.5": {
      "integrity": "11b388ef3372ed98e9d183ebd505f21d9457feae2bd0953de708a3322f2c867e"
    }
  },
  "workspace": {
    "dependencies": [
      "jsr:@bossley9/sjsx@~0.12.5"
    ]
  }
}
