{
  "name": "npm",
  "lockfileVersion": 3,
  "requires": true,
  "packages": {
    "": {
      "dependencies": {
        "@neves/utils": "npm:@jsr/neves__utils@^0.1.0"
      }
    },
    "node_modules/@neves/utils": {
      "name": "@jsr/neves__utils",
      "version": "0.1.0",
      "resolved": "https://npm.jsr.io/~/11/@jsr/neves__utils/0.1.0.tgz",
      "integrity": "sha512-xoIHBYg5WbqwLj/0wJYceq2zxQvKPShAg9+EVXDtkDTf5fMrvqX6DROzorCLyiE0jI7D+tqPcgtADGAJ9duS/A=="
    }
  }
}
